{
  "object": {
    "pins": [
      {
        "package": "AEPCore",
        "repositoryURL": "https://github.com/shushinde/aepsdk-core-ios.git",
        "state": {
          "branch": null,
          "revision": "83e82b7ae6dfe4adb55bc9f24d3c67e23c62ef21",
          "version": "5.13.0"
        }
      },
      {
        "package": "AEPRulesEngine",
        "repositoryURL": "https://github.com/adobe/aepsdk-rulesengine-ios.git",
        "state": {
          "branch": null,
          "revision": "514d2b3787c545bfa6749ffce5dd3e6f560c9319",
          "version": "5.0.0"
        }
      }
    ]
  },
  "version": 1
}
