{
  "originHash" : "5c93b9da290a8b88c1e470fd6576ea32778cd0aea1a3f3aa5efea6370ccdac05",
  "pins" : [
    {
      "identity" : "aepsdk-core-ios",
      "kind" : "remoteSourceControl",
      "location" : "https://github.com/adobe/aepsdk-core-ios/",
      "state" : {
        "revision" : "22f4cd2af843047d3d6e979da359b16000f3369f",
        "version" : "5.11.0"
      }
    },
    {
      "identity" : "aepsdk-rulesengine-ios",
      "kind" : "remoteSourceControl",
      "location" : "https://github.com/adobe/aepsdk-rulesengine-ios.git",
      "state" : {
        "revision" : "514d2b3787c545bfa6749ffce5dd3e6f560c9319",
        "version" : "5.0.0"
      }
    }
  ],
  "version" : 3
}
